// !$*UTF8*$!
{
	archiveVersion = 1;
	classes = {
	};
	objectVersion = 46;
	objects = {

/* Begin PBXBuildFile section */
		D355DB1F1A7C632D009B4ED1 /* main.m in Sources */ = {isa = PBXBuildFile; fileRef = D355DB1E1A7C632D009B4ED1 /* main.m */; };
		D3756A931A7C6F3F00A66605 /* IOKit.framework in Frameworks */ = {isa = PBXBuildFile; fileRef = D3756A921A7C6F3F00A66605 /* IOKit.framework */; };
		D3EDFBC91A7CB535005615F4 /* CCController.m in Sources */ = {isa = PBXBuildFile; fileRef = D3EDFBC81A7CB535005615F4 /* CCController.m */; };
		D3EDFBCB1A7CB8BE005615F4 /* GameController.framework in Frameworks */ = {isa = PBXBuildFile; fileRef = D3EDFBCA1A7CB8BE005615F4 /* GameController.framework */; };
/* End PBXBuildFile section */

/* Begin PBXFileReference section */
		D355DB161A7C632D009B4ED1 /* ControllerTest.app */ = {isa = PBXFileReference; explicitFileType = wrapper.application; includeInIndex = 0; path = ControllerTest.app; sourceTree = BUILT_PRODUCTS_DIR; };
		D355DB1A1A7C632D009B4ED1 /* Info.plist */ = {isa = PBXFileReference; lastKnownFileType = text.plist.xml; path = Info.plist; sourceTree = "<group>"; };
		D355DB1E1A7C632D009B4ED1 /* main.m */ = {isa = PBXFileReference; lastKnownFileType = sourcecode.c.objc; path = main.m; sourceTree = "<group>"; };
		D3756A921A7C6F3F00A66605 /* IOKit.framework */ = {isa = PBXFileReference; lastKnownFileType = wrapper.framework; name = IOKit.framework; path = System/Library/Frameworks/IOKit.framework; sourceTree = SDKROOT; };
		D3EDFBBE1A7CB29C005615F4 /* CCController.h */ = {isa = PBXFileReference; fileEncoding = 4; lastKnownFileType = sourcecode.c.h; path = CCController.h; sourceTree = "<group>"; };
		D3EDFBC81A7CB535005615F4 /* CCController.m */ = {isa = PBXFileReference; fileEncoding = 4; lastKnownFileType = sourcecode.c.objc; path = CCController.m; sourceTree = "<group>"; };
		D3EDFBCA1A7CB8BE005615F4 /* GameController.framework */ = {isa = PBXFileReference; lastKnownFileType = wrapper.framework; name = GameController.framework; path = System/Library/Frameworks/GameController.framework; sourceTree = SDKROOT; };
/* End PBXFileReference section */

/* Begin PBXFrameworksBuildPhase section */
		D355DB131A7C632D009B4ED1 /* Frameworks */ = {
			isa = PBXFrameworksBuildPhase;
			buildActionMask = 2147483647;
			files = (
				D3EDFBCB1A7CB8BE005615F4 /* GameController.framework in Frameworks */,
				D3756A931A7C6F3F00A66605 /* IOKit.framework in Frameworks */,
			);
			runOnlyForDeploymentPostprocessing = 0;
		};
/* End PBXFrameworksBuildPhase section */

/* Begin PBXGroup section */
		D355DB0D1A7C632D009B4ED1 = {
			isa = PBXGroup;
			children = (
				D3EDFBCA1A7CB8BE005615F4 /* GameController.framework */,
				D3756A921A7C6F3F00A66605 /* IOKit.framework */,
				D355DB181A7C632D009B4ED1 /* ControllerTest */,
				D3EDFBBD1A7CB29C005615F4 /* CCController */,
				D355DB171A7C632D009B4ED1 /* Products */,
			);
			sourceTree = "<group>";
		};
		D355DB171A7C632D009B4ED1 /* Products */ = {
			isa = PBXGroup;
			children = (
				D355DB161A7C632D009B4ED1 /* ControllerTest.app */,
			);
			name = Products;
			sourceTree = "<group>";
		};
		D355DB181A7C632D009B4ED1 /* ControllerTest */ = {
			isa = PBXGroup;
			children = (
				D355DB191A7C632D009B4ED1 /* Supporting Files */,
			);
			path = ControllerTest;
			sourceTree = "<group>";
		};
		D355DB191A7C632D009B4ED1 /* Supporting Files */ = {
			isa = PBXGroup;
			children = (
				D355DB1A1A7C632D009B4ED1 /* Info.plist */,
				D355DB1E1A7C632D009B4ED1 /* main.m */,
			);
			name = "Supporting Files";
			sourceTree = "<group>";
		};
		D3EDFBBD1A7CB29C005615F4 /* CCController */ = {
			isa = PBXGroup;
			children = (
				D3EDFBBE1A7CB29C005615F4 /* CCController.h */,
				D3EDFBC81A7CB535005615F4 /* CCController.m */,
			);
			path = CCController;
			sourceTree = "<group>";
		};
/* End PBXGroup section */

/* Begin PBXNativeTarget section */
		D355DB151A7C632D009B4ED1 /* ControllerTest */ = {
			isa = PBXNativeTarget;
			buildConfigurationList = D355DB361A7C632D009B4ED1 /* Build configuration list for PBXNativeTarget "ControllerTest" */;
			buildPhases = (
				D355DB121A7C632D009B4ED1 /* Sources */,
				D355DB131A7C632D009B4ED1 /* Frameworks */,
				D355DB141A7C632D009B4ED1 /* Resources */,
			);
			buildRules = (
			);
			dependencies = (
			);
			name = ControllerTest;
			productName = ControllerTest;
			productReference = D355DB161A7C632D009B4ED1 /* ControllerTest.app */;
			productType = "com.apple.product-type.application";
		};
/* End PBXNativeTarget section */

/* Begin PBXProject section */
		D355DB0E1A7C632D009B4ED1 /* Project object */ = {
			isa = PBXProject;
			attributes = {
				LastUpgradeCheck = 0610;
				ORGANIZATIONNAME = "Scott Lembcke";
				TargetAttributes = {
					D355DB151A7C632D009B4ED1 = {
						CreatedOnToolsVersion = 6.1.1;
					};
				};
			};
			buildConfigurationList = D355DB111A7C632D009B4ED1 /* Build configuration list for PBXProject "ControllerTest" */;
			compatibilityVersion = "Xcode 3.2";
			developmentRegion = English;
			hasScannedForEncodings = 0;
			knownRegions = (
				en,
				Base,
			);
			mainGroup = D355DB0D1A7C632D009B4ED1;
			productRefGroup = D355DB171A7C632D009B4ED1 /* Products */;
			projectDirPath = "";
			projectRoot = "";
			targets = (
				D355DB151A7C632D009B4ED1 /* ControllerTest */,
			);
		};
/* End PBXProject section */

/* Begin PBXResourcesBuildPhase section */
		D355DB141A7C632D009B4ED1 /* Resources */ = {
			isa = PBXResourcesBuildPhase;
			buildActionMask = 2147483647;
			files = (
			);
			runOnlyForDeploymentPostprocessing = 0;
		};
/* End PBXResourcesBuildPhase section */

/* Begin PBXSourcesBuildPhase section */
		D355DB121A7C632D009B4ED1 /* Sources */ = {
			isa = PBXSourcesBuildPhase;
			buildActionMask = 2147483647;
			files = (
				D355DB1F1A7C632D009B4ED1 /* main.m in Sources */,
				D3EDFBC91A7CB535005615F4 /* CCController.m in Sources */,
			);
			runOnlyForDeploymentPostprocessing = 0;
		};
/* End PBXSourcesBuildPhase section */

/* Begin XCBuildConfiguration section */
		D355DB341A7C632D009B4ED1 /* Debug */ = {
			isa = XCBuildConfiguration;
			buildSettings = {
				ALWAYS_SEARCH_USER_PATHS = NO;
				CLANG_CXX_LANGUAGE_STANDARD = "gnu++0x";
				CLANG_CXX_LIBRARY = "libc++";
				CLANG_ENABLE_MODULES = YES;
				CLANG_ENABLE_OBJC_ARC = YES;
				CLANG_WARN_BOOL_CONVERSION = YES;
				CLANG_WARN_CONSTANT_CONVERSION = YES;
				CLANG_WARN_DIRECT_OBJC_ISA_USAGE = YES_ERROR;
				CLANG_WARN_EMPTY_BODY = YES;
				CLANG_WARN_ENUM_CONVERSION = YES;
				CLANG_WARN_INT_CONVERSION = YES;
				CLANG_WARN_OBJC_ROOT_CLASS = YES_ERROR;
				CLANG_WARN_UNREACHABLE_CODE = YES;
				CLANG_WARN__DUPLICATE_METHOD_MATCH = YES;
				CODE_SIGN_IDENTITY = "-";
				COPY_PHASE_STRIP = NO;
				ENABLE_STRICT_OBJC_MSGSEND = YES;
				GCC_C_LANGUAGE_STANDARD = gnu99;
				GCC_DYNAMIC_NO_PIC = NO;
				GCC_OPTIMIZATION_LEVEL = 0;
				GCC_PREPROCESSOR_DEFINITIONS = (
					"DEBUG=1",
					"$(inherited)",
				);
				GCC_SYMBOLS_PRIVATE_EXTERN = NO;
				GCC_WARN_64_TO_32_BIT_CONVERSION = YES;
				GCC_WARN_ABOUT_RETURN_TYPE = YES_ERROR;
				GCC_WARN_UNDECLARED_SELECTOR = YES;
				GCC_WARN_UNINITIALIZED_AUTOS = YES_AGGRESSIVE;
				GCC_WARN_UNUSED_FUNCTION = YES;
				GCC_WARN_UNUSED_VARIABLE = YES;
				MACOSX_DEPLOYMENT_TARGET = 10.10;
				MTL_ENABLE_DEBUG_INFO = YES;
				ONLY_ACTIVE_ARCH = YES;
				SDKROOT = macosx;
			};
			name = Debug;
		};
		D355DB351A7C632D009B4ED1 /* Release */ = {
			isa = XCBuildConfiguration;
			buildSettings = {
				ALWAYS_SEARCH_USER_PATHS = NO;
				CLANG_CXX_LANGUAGE_STANDARD = "gnu++0x";
				CLANG_CXX_LIBRARY = "libc++";
				CLANG_ENABLE_MODULES = YES;
				CLANG_ENABLE_OBJC_ARC = YES;
				CLANG_WARN_BOOL_CONVERSION = YES;
				CLANG_WARN_CONSTANT_CONVERSION = YES;
				CLANG_WARN_DIRECT_OBJC_ISA_USAGE = YES_ERROR;
				CLANG_WARN_EMPTY_BODY = YES;
				CLANG_WARN_ENUM_CONVERSION = YES;
				CLANG_WARN_INT_CONVERSION = YES;
				CLANG_WARN_OBJC_ROOT_CLASS = YES_ERROR;
				CLANG_WARN_UNREACHABLE_CODE = YES;
				CLANG_WARN__DUPLICATE_METHOD_MATCH = YES;
				CODE_SIGN_IDENTITY = "-";
				COPY_PHASE_STRIP = YES;
				DEBUG_INFORMATION_FORMAT = "dwarf-with-dsym";
				ENABLE_NS_ASSERTIONS = NO;
				ENABLE_STRICT_OBJC_MSGSEND = YES;
				GCC_C_LANGUAGE_STANDARD = gnu99;
				GCC_WARN_64_TO_32_BIT_CONVERSION = YES;
				GCC_WARN_ABOUT_RETURN_TYPE = YES_ERROR;
				GCC_WARN_UNDECLARED_SELECTOR = YES;
				GCC_WARN_UNINITIALIZED_AUTOS = YES_AGGRESSIVE;
				GCC_WARN_UNUSED_FUNCTION = YES;
				GCC_WARN_UNUSED_VARIABLE = YES;
				MACOSX_DEPLOYMENT_TARGET = 10.10;
				MTL_ENABLE_DEBUG_INFO = NO;
				SDKROOT = macosx;
			};
			name = Release;
		};
		D355DB371A7C632D009B4ED1 /* Debug */ = {
			isa = XCBuildConfiguration;
			buildSettings = {
				ASSETCATALOG_COMPILER_APPICON_NAME = AppIcon;
				COMBINE_HIDPI_IMAGES = YES;
				INFOPLIST_FILE = ControllerTest/Info.plist;
				LD_RUNPATH_SEARCH_PATHS = "$(inherited) @executable_path/../Frameworks";
				MACOSX_DEPLOYMENT_TARGET = 10.7;
				PRODUCT_NAME = "$(TARGET_NAME)";
			};
			name = Debug;
		};
		D355DB381A7C632D009B4ED1 /* Release */ = {
			isa = XCBuildConfiguration;
			buildSettings = {
				ASSETCATALOG_COMPILER_APPICON_NAME = AppIcon;
				COMBINE_HIDPI_IMAGES = YES;
				INFOPLIST_FILE = ControllerTest/Info.plist;
				LD_RUNPATH_SEARCH_PATHS = "$(inherited) @executable_path/../Frameworks";
				MACOSX_DEPLOYMENT_TARGET = 10.7;
				PRODUCT_NAME = "$(TARGET_NAME)";
			};
			name = Release;
		};
/* End XCBuildConfiguration section */

/* Begin XCConfigurationList section */
		D355DB111A7C632D009B4ED1 /* Build configuration list for PBXProject "ControllerTest" */ = {
			isa = XCConfigurationList;
			buildConfigurations = (
				D355DB341A7C632D009B4ED1 /* Debug */,
				D355DB351A7C632D009B4ED1 /* Release */,
			);
			defaultConfigurationIsVisible = 0;
			defaultConfigurationName = Release;
		};
		D355DB361A7C632D009B4ED1 /* Build configuration list for PBXNativeTarget "ControllerTest" */ = {
			isa = XCConfigurationList;
			buildConfigurations = (
				D355DB371A7C632D009B4ED1 /* Debug */,
				D355DB381A7C632D009B4ED1 /* Release */,
			);
			defaultConfigurationIsVisible = 0;
			defaultConfigurationName = Release;
		};
/* End XCConfigurationList section */
	};
	rootObject = D355DB0E1A7C632D009B4ED1 /* Project object */;
}
